// !$*UTF8*$!
{
	archiveVersion = 1;
	classes = {
	};
	objectVersion = 55;
	objects = {

/* Begin PBXBuildFile section */
		4ADE27F52747B39B00C8C076 /* MyLocationApp.swift in Sources */ = {isa = PBXBuildFile; fileRef = 4ADE27F42747B39B00C8C076 /* MyLocationApp.swift */; };
		4ADE27F72747B39B00C8C076 /* ContentView.swift in Sources */ = {isa = PBXBuildFile; fileRef = 4ADE27F62747B39B00C8C076 /* ContentView.swift */; };
		4ADE27F92747B39F00C8C076 /* Assets.xcassets in Resources */ = {isa = PBXBuildFile; fileRef = 4ADE27F82747B39F00C8C076 /* Assets.xcassets */; };
		4ADE27FC2747B39F00C8C076 /* Preview Assets.xcassets in Resources */ = {isa = PBXBuildFile; fileRef = 4ADE27FB2747B39F00C8C076 /* Preview Assets.xcassets */; };
		4ADE28042747B45A00C8C076 /* PlaceSearchBar.swift in Sources */ = {isa = PBXBuildFile; fileRef = 4ADE28032747B45A00C8C076 /* PlaceSearchBar.swift */; };
		4ADE28062747B49500C8C076 /* MapTypeButtons.swift in Sources */ = {isa = PBXBuildFile; fileRef = 4ADE28052747B49500C8C076 /* MapTypeButtons.swift */; };
		4ADE28082747B4C200C8C076 /* MapView.swift in Sources */ = {isa = PBXBuildFile; fileRef = 4ADE28072747B4C200C8C076 /* MapView.swift */; };
		4ADE280C2747B50000C8C076 /* MapViewModel.swift in Sources */ = {isa = PBXBuildFile; fileRef = 4ADE280B2747B50000C8C076 /* MapViewModel.swift */; };
		4ADE280E2747B51500C8C076 /* Place.swift in Sources */ = {isa = PBXBuildFile; fileRef = 4ADE280D2747B51500C8C076 /* Place.swift */; };
/* End PBXBuildFile section */

/* Begin PBXFileReference section */
		4ADE27F12747B39B00C8C076 /* MyLocation.app */ = {isa = PBXFileReference; explicitFileType = wrapper.application; includeInIndex = 0; path = MyLocation.app; sourceTree = BUILT_PRODUCTS_DIR; };
		4ADE27F42747B39B00C8C076 /* MyLocationApp.swift */ = {isa = PBXFileReference; lastKnownFileType = sourcecode.swift; path = MyLocationApp.swift; sourceTree = "<group>"; };
		4ADE27F62747B39B00C8C076 /* ContentView.swift */ = {isa = PBXFileReference; lastKnownFileType = sourcecode.swift; path = ContentView.swift; sourceTree = "<group>"; };
		4ADE27F82747B39F00C8C076 /* Assets.xcassets */ = {isa = PBXFileReference; lastKnownFileType = folder.assetcatalog; path = Assets.xcassets; sourceTree = "<group>"; };
		4ADE27FB2747B39F00C8C076 /* Preview Assets.xcassets */ = {isa = PBXFileReference; lastKnownFileType = folder.assetcatalog; path = "Preview Assets.xcassets"; sourceTree = "<group>"; };
		4ADE28032747B45A00C8C076 /* PlaceSearchBar.swift */ = {isa = PBXFileReference; lastKnownFileType = sourcecode.swift; path = PlaceSearchBar.swift; sourceTree = "<group>"; };
		4ADE28052747B49500C8C076 /* MapTypeButtons.swift */ = {isa = PBXFileReference; lastKnownFileType = sourcecode.swift; path = MapTypeButtons.swift; sourceTree = "<group>"; };
		4ADE28072747B4C200C8C076 /* MapView.swift */ = {isa = PBXFileReference; lastKnownFileType = sourcecode.swift; path = MapView.swift; sourceTree = "<group>"; };
		4ADE280B2747B50000C8C076 /* MapViewModel.swift */ = {isa = PBXFileReference; lastKnownFileType = sourcecode.swift; path = MapViewModel.swift; sourceTree = "<group>"; };
		4ADE280D2747B51500C8C076 /* Place.swift */ = {isa = PBXFileReference; lastKnownFileType = sourcecode.swift; path = Place.swift; sourceTree = "<group>"; };
/* End PBXFileReference section */

/* Begin PBXFrameworksBuildPhase section */
		4ADE27EE2747B39B00C8C076 /* Frameworks */ = {
			isa = PBXFrameworksBuildPhase;
			buildActionMask = 2147483647;
			files = (
			);
			runOnlyForDeploymentPostprocessing = 0;
		};
/* End PBXFrameworksBuildPhase section */

/* Begin PBXGroup section */
		4ADE27E82747B39B00C8C076 = {
			isa = PBXGroup;
			children = (
				4ADE27F32747B39B00C8C076 /* MyLocation */,
				4ADE27F22747B39B00C8C076 /* Products */,
			);
			sourceTree = "<group>";
		};
		4ADE27F22747B39B00C8C076 /* Products */ = {
			isa = PBXGroup;
			children = (
				4ADE27F12747B39B00C8C076 /* MyLocation.app */,
			);
			name = Products;
			sourceTree = "<group>";
		};
		4ADE27F32747B39B00C8C076 /* MyLocation */ = {
			isa = PBXGroup;
			children = (
				4ADE27F42747B39B00C8C076 /* MyLocationApp.swift */,
				4ADE27F62747B39B00C8C076 /* ContentView.swift */,
				4ADE28022747B41C00C8C076 /* Views */,
				4ADE28092747B4D600C8C076 /* View Models */,
				4ADE280A2747B4E700C8C076 /* Classes */,
				4ADE27F82747B39F00C8C076 /* Assets.xcassets */,
				4ADE27FA2747B39F00C8C076 /* Preview Content */,
			);
			path = MyLocation;
			sourceTree = "<group>";
		};
		4ADE27FA2747B39F00C8C076 /* Preview Content */ = {
			isa = PBXGroup;
			children = (
				4ADE27FB2747B39F00C8C076 /* Preview Assets.xcassets */,
			);
			path = "Preview Content";
			sourceTree = "<group>";
		};
		4ADE28022747B41C00C8C076 /* Views */ = {
			isa = PBXGroup;
			children = (
				4ADE28032747B45A00C8C076 /* PlaceSearchBar.swift */,
				4ADE28072747B4C200C8C076 /* MapView.swift */,
				4ADE28052747B49500C8C076 /* MapTypeButtons.swift */,
			);
			path = Views;
			sourceTree = "<group>";
		};
		4ADE28092747B4D600C8C076 /* View Models */ = {
			isa = PBXGroup;
			children = (
				4ADE280B2747B50000C8C076 /* MapViewModel.swift */,
			);
			path = "View Models";
			sourceTree = "<group>";
		};
		4ADE280A2747B4E700C8C076 /* Classes */ = {
			isa = PBXGroup;
			children = (
				4ADE280D2747B51500C8C076 /* Place.swift */,
			);
			path = Classes;
			sourceTree = "<group>";
		};
/* End PBXGroup section */

/* Begin PBXNativeTarget section */
		4ADE27F02747B39B00C8C076 /* MyLocation */ = {
			isa = PBXNativeTarget;
			buildConfigurationList = 4ADE27FF2747B39F00C8C076 /* Build configuration list for PBXNativeTarget "MyLocation" */;
			buildPhases = (
				4ADE27ED2747B39B00C8C076 /* Sources */,
				4ADE27EE2747B39B00C8C076 /* Frameworks */,
				4ADE27EF2747B39B00C8C076 /* Resources */,
			);
			buildRules = (
			);
			dependencies = (
			);
			name = MyLocation;
			productName = MyLocation;
			productReference = 4ADE27F12747B39B00C8C076 /* MyLocation.app */;
			productType = "com.apple.product-type.application";
		};
/* End PBXNativeTarget section */

/* Begin PBXProject section */
		4ADE27E92747B39B00C8C076 /* Project object */ = {
			isa = PBXProject;
			attributes = {
				BuildIndependentTargetsInParallel = 1;
				LastSwiftUpdateCheck = 1310;
				LastUpgradeCheck = 1310;
				TargetAttributes = {
					4ADE27F02747B39B00C8C076 = {
						CreatedOnToolsVersion = 13.1;
					};
				};
			};
			buildConfigurationList = 4ADE27EC2747B39B00C8C076 /* Build configuration list for PBXProject "MyLocation" */;
			compatibilityVersion = "Xcode 13.0";
			developmentRegion = en;
			hasScannedForEncodings = 0;
			knownRegions = (
				en,
				Base,
			);
			mainGroup = 4ADE27E82747B39B00C8C076;
			productRefGroup = 4ADE27F22747B39B00C8C076 /* Products */;
			projectDirPath = "";
			projectRoot = "";
			targets = (
				4ADE27F02747B39B00C8C076 /* MyLocation */,
			);
		};
/* End PBXProject section */

/* Begin PBXResourcesBuildPhase section */
		4ADE27EF2747B39B00C8C076 /* Resources */ = {
			isa = PBXResourcesBuildPhase;
			buildActionMask = 2147483647;
			files = (
				4ADE27FC2747B39F00C8C076 /* Preview Assets.xcassets in Resources */,
				4ADE27F92747B39F00C8C076 /* Assets.xcassets in Resources */,
			);
			runOnlyForDeploymentPostprocessing = 0;
		};
/* End PBXResourcesBuildPhase section */

/* Begin PBXSourcesBuildPhase section */
		4ADE27ED2747B39B00C8C076 /* Sources */ = {
			isa = PBXSourcesBuildPhase;
			buildActionMask = 2147483647;
			files = (
				4ADE27F72747B39B00C8C076 /* ContentView.swift in Sources */,
				4ADE27F52747B39B00C8C076 /* MyLocationApp.swift in Sources */,
				4ADE28082747B4C200C8C076 /* MapView.swift in Sources */,
				4ADE28062747B49500C8C076 /* MapTypeButtons.swift in Sources */,
				4ADE28042747B45A00C8C076 /* PlaceSearchBar.swift in Sources */,
				4ADE280E2747B51500C8C076 /* Place.swift in Sources */,
				4ADE280C2747B50000C8C076 /* MapViewModel.swift in Sources */,
			);
			runOnlyForDeploymentPostprocessing = 0;
		};
/* End PBXSourcesBuildPhase section */

/* Begin XCBuildConfiguration section */
		4ADE27FD2747B39F00C8C076 /* Debug */ = {
			isa = XCBuildConfiguration;
			buildSettings = {
				ALWAYS_SEARCH_USER_PATHS = NO;
				CLANG_ANALYZER_NONNULL = YES;
				CLANG_ANALYZER_NUMBER_OBJECT_CONVERSION = YES_AGGRESSIVE;
				CLANG_CXX_LANGUAGE_STANDARD = "gnu++17";
				CLANG_CXX_LIBRARY = "libc++";
				CLANG_ENABLE_MODULES = YES;
				CLANG_ENABLE_OBJC_ARC = YES;
				CLANG_ENABLE_OBJC_WEAK = YES;
				CLANG_WARN_BLOCK_CAPTURE_AUTORELEASING = YES;
				CLANG_WARN_BOOL_CONVERSION = YES;
				CLANG_WARN_COMMA = YES;
				CLANG_WARN_CONSTANT_CONVERSION = YES;
				CLANG_WARN_DEPRECATED_OBJC_IMPLEMENTATIONS = YES;
				CLANG_WARN_DIRECT_OBJC_ISA_USAGE = YES_ERROR;
				CLANG_WARN_DOCUMENTATION_COMMENTS = YES;
				CLANG_WARN_EMPTY_BODY = YES;
				CLANG_WARN_ENUM_CONVERSION = YES;
				CLANG_WARN_INFINITE_RECURSION = YES;
				CLANG_WARN_INT_CONVERSION = YES;
				CLANG_WARN_NON_LITERAL_NULL_CONVERSION = YES;
				CLANG_WARN_OBJC_IMPLICIT_RETAIN_SELF = YES;
				CLANG_WARN_OBJC_LITERAL_CONVERSION = YES;
				CLANG_WARN_OBJC_ROOT_CLASS = YES_ERROR;
				CLANG_WARN_QUOTED_INCLUDE_IN_FRAMEWORK_HEADER = YES;
				CLANG_WARN_RANGE_LOOP_ANALYSIS = YES;
				CLANG_WARN_STRICT_PROTOTYPES = YES;
				CLANG_WARN_SUSPICIOUS_MOVE = YES;
				CLANG_WARN_UNGUARDED_AVAILABILITY = YES_AGGRESSIVE;
				CLANG_WARN_UNREACHABLE_CODE = YES;
				CLANG_WARN__DUPLICATE_METHOD_MATCH = YES;
				COPY_PHASE_STRIP = NO;
				DEBUG_INFORMATION_FORMAT = dwarf;
				ENABLE_STRICT_OBJC_MSGSEND = YES;
				ENABLE_TESTABILITY = YES;
				GCC_C_LANGUAGE_STANDARD = gnu11;
				GCC_DYNAMIC_NO_PIC = NO;
				GCC_NO_COMMON_BLOCKS = YES;
				GCC_OPTIMIZATION_LEVEL = 0;
				GCC_PREPROCESSOR_DEFINITIONS = (
					"DEBUG=1",
					"$(inherited)",
				);
				GCC_WARN_64_TO_32_BIT_CONVERSION = YES;
				GCC_WARN_ABOUT_RETURN_TYPE = YES_ERROR;
				GCC_WARN_UNDECLARED_SELECTOR = YES;
				GCC_WARN_UNINITIALIZED_AUTOS = YES_AGGRESSIVE;
				GCC_WARN_UNUSED_FUNCTION = YES;
				GCC_WARN_UNUSED_VARIABLE = YES;
				IPHONEOS_DEPLOYMENT_TARGET = 15.0;
				MTL_ENABLE_DEBUG_INFO = INCLUDE_SOURCE;
				MTL_FAST_MATH = YES;
				ONLY_ACTIVE_ARCH = YES;
				SDKROOT = iphoneos;
				SWIFT_ACTIVE_COMPILATION_CONDITIONS = DEBUG;
				SWIFT_OPTIMIZATION_LEVEL = "-Onone";
			};
			name = Debug;
		};
		4ADE27FE2747B39F00C8C076 /* Release */ = {
			isa = XCBuildConfiguration;
			buildSettings = {
				ALWAYS_SEARCH_USER_PATHS = NO;
				CLANG_ANALYZER_NONNULL = YES;
				CLANG_ANALYZER_NUMBER_OBJECT_CONVERSION = YES_AGGRESSIVE;
				CLANG_CXX_LANGUAGE_STANDARD = "gnu++17";
				CLANG_CXX_LIBRARY = "libc++";
				CLANG_ENABLE_MODULES = YES;
				CLANG_ENABLE_OBJC_ARC = YES;
				CLANG_ENABLE_OBJC_WEAK = YES;
				CLANG_WARN_BLOCK_CAPTURE_AUTORELEASING = YES;
				CLANG_WARN_BOOL_CONVERSION = YES;
				CLANG_WARN_COMMA = YES;
				CLANG_WARN_CONSTANT_CONVERSION = YES;
				CLANG_WARN_DEPRECATED_OBJC_IMPLEMENTATIONS = YES;
				CLANG_WARN_DIRECT_OBJC_ISA_USAGE = YES_ERROR;
				CLANG_WARN_DOCUMENTATION_COMMENTS = YES;
				CLANG_WARN_EMPTY_BODY = YES;
				CLANG_WARN_ENUM_CONVERSION = YES;
				CLANG_WARN_INFINITE_RECURSION = YES;
				CLANG_WARN_INT_CONVERSION = YES;
				CLANG_WARN_NON_LITERAL_NULL_CONVERSION = YES;
				CLANG_WARN_OBJC_IMPLICIT_RETAIN_SELF = YES;
				CLANG_WARN_OBJC_LITERAL_CONVERSION = YES;
				CLANG_WARN_OBJC_ROOT_CLASS = YES_ERROR;
				CLANG_WARN_QUOTED_INCLUDE_IN_FRAMEWORK_HEADER = YES;
				CLANG_WARN_RANGE_LOOP_ANALYSIS = YES;
				CLANG_WARN_STRICT_PROTOTYPES = YES;
				CLANG_WARN_SUSPICIOUS_MOVE = YES;
				CLANG_WARN_UNGUARDED_AVAILABILITY = YES_AGGRESSIVE;
				CLANG_WARN_UNREACHABLE_CODE = YES;
				CLANG_WARN__DUPLICATE_METHOD_MATCH = YES;
				COPY_PHASE_STRIP = NO;
				DEBUG_INFORMATION_FORMAT = "dwarf-with-dsym";
				ENABLE_NS_ASSERTIONS = NO;
				ENABLE_STRICT_OBJC_MSGSEND = YES;
				GCC_C_LANGUAGE_STANDARD = gnu11;
				GCC_NO_COMMON_BLOCKS = YES;
				GCC_WARN_64_TO_32_BIT_CONVERSION = YES;
				GCC_WARN_ABOUT_RETURN_TYPE = YES_ERROR;
				GCC_WARN_UNDECLARED_SELECTOR = YES;
				GCC_WARN_UNINITIALIZED_AUTOS = YES_AGGRESSIVE;
				GCC_WARN_UNUSED_FUNCTION = YES;
				GCC_WARN_UNUSED_VARIABLE = YES;
				IPHONEOS_DEPLOYMENT_TARGET = 15.0;
				MTL_ENABLE_DEBUG_INFO = NO;
				MTL_FAST_MATH = YES;
				SDKROOT = iphoneos;
				SWIFT_COMPILATION_MODE = wholemodule;
				SWIFT_OPTIMIZATION_LEVEL = "-O";
				VALIDATE_PRODUCT = YES;
			};
			name = Release;
		};
		4ADE28002747B39F00C8C076 /* Debug */ = {
			isa = XCBuildConfiguration;
			buildSettings = {
				ASSETCATALOG_COMPILER_APPICON_NAME = AppIcon;
				ASSETCATALOG_COMPILER_GLOBAL_ACCENT_COLOR_NAME = AccentColor;
				CODE_SIGN_STYLE = Automatic;
				CURRENT_PROJECT_VERSION = 1;
				DEVELOPMENT_ASSET_PATHS = "\"MyLocation/Preview Content\"";
				ENABLE_PREVIEWS = YES;
				GENERATE_INFOPLIST_FILE = YES;
				INFOPLIST_KEY_NSLocationWhenInUseUsageDescription = "Would like to use Location Services";
				INFOPLIST_KEY_UIApplicationSceneManifest_Generation = YES;
				INFOPLIST_KEY_UIApplicationSupportsIndirectInputEvents = YES;
				INFOPLIST_KEY_UILaunchScreen_Generation = YES;
				INFOPLIST_KEY_UISupportedInterfaceOrientations_iPad = "UIInterfaceOrientationPortrait UIInterfaceOrientationPortraitUpsideDown UIInterfaceOrientationLandscapeLeft UIInterfaceOrientationLandscapeRight";
				INFOPLIST_KEY_UISupportedInterfaceOrientations_iPhone = "UIInterfaceOrientationPortrait UIInterfaceOrientationLandscapeLeft UIInterfaceOrientationLandscapeRight";
				LD_RUNPATH_SEARCH_PATHS = (
					"$(inherited)",
					"@executable_path/Frameworks",
				);
				MARKETING_VERSION = 1.0;
				PRODUCT_BUNDLE_IDENTIFIER = Cicimaya.MyLocation;
				PRODUCT_NAME = "$(TARGET_NAME)";
				SWIFT_EMIT_LOC_STRINGS = YES;
				SWIFT_VERSION = 5.0;
				TARGETED_DEVICE_FAMILY = "1,2";
			};
			name = Debug;
		};
		4ADE28012747B39F00C8C076 /* Release */ = {
			isa = XCBuildConfiguration;
			buildSettings = {
				ASSETCATALOG_COMPILER_APPICON_NAME = AppIcon;
				ASSETCATALOG_COMPILER_GLOBAL_ACCENT_COLOR_NAME = AccentColor;
				CODE_SIGN_STYLE = Automatic;
				CURRENT_PROJECT_VERSION = 1;
				DEVELOPMENT_ASSET_PATHS = "\"MyLocation/Preview Content\"";
				ENABLE_PREVIEWS = YES;
				GENERATE_INFOPLIST_FILE = YES;
				INFOPLIST_KEY_NSLocationWhenInUseUsageDescription = "Would like to use Location Services";
				INFOPLIST_KEY_UIApplicationSceneManifest_Generation = YES;
				INFOPLIST_KEY_UIApplicationSupportsIndirectInputEvents = YES;
				INFOPLIST_KEY_UILaunchScreen_Generation = YES;
				INFOPLIST_KEY_UISupportedInterfaceOrientations_iPad = "UIInterfaceOrientationPortrait UIInterfaceOrientationPortraitUpsideDown UIInterfaceOrientationLandscapeLeft UIInterfaceOrientationLandscapeRight";
				INFOPLIST_KEY_UISupportedInterfaceOrientations_iPhone = "UIInterfaceOrientationPortrait UIInterfaceOrientationLandscapeLeft UIInterfaceOrientationLandscapeRight";
				LD_RUNPATH_SEARCH_PATHS = (
					"$(inherited)",
					"@executable_path/Frameworks",
				);
				MARKETING_VERSION = 1.0;
				PRODUCT_BUNDLE_IDENTIFIER = Cicimaya.MyLocation;
				PRODUCT_NAME = "$(TARGET_NAME)";
				SWIFT_EMIT_LOC_STRINGS = YES;
				SWIFT_VERSION = 5.0;
				TARGETED_DEVICE_FAMILY = "1,2";
			};
			name = Release;
		};
/* End XCBuildConfiguration section */

/* Begin XCConfigurationList section */
		4ADE27EC2747B39B00C8C076 /* Build configuration list for PBXProject "MyLocation" */ = {
			isa = XCConfigurationList;
			buildConfigurations = (
				4ADE27FD2747B39F00C8C076 /* Debug */,
				4ADE27FE2747B39F00C8C076 /* Release */,
			);
			defaultConfigurationIsVisible = 0;
			defaultConfigurationName = Release;
		};
		4ADE27FF2747B39F00C8C076 /* Build configuration list for PBXNativeTarget "MyLocation" */ = {
			isa = XCConfigurationList;
			buildConfigurations = (
				4ADE28002747B39F00C8C076 /* Debug */,
				4ADE28012747B39F00C8C076 /* Release */,
			);
			defaultConfigurationIsVisible = 0;
			defaultConfigurationName = Release;
		};
/* End XCConfigurationList section */
	};
	rootObject = 4ADE27E92747B39B00C8C076 /* Project object */;
}
